// !$*UTF8*$!
{
	archiveVersion = 1;
	classes = {
	};
	objectVersion = 48;
	objects = {

/* Begin PBXBuildFile section */
		A10C6C5320EE5C4500607DB1 /* AppDelegate.swift in Sources */ = {isa = PBXBuildFile; fileRef = A10C6C5220EE5C4500607DB1 /* AppDelegate.swift */; };
		A10C6C5520EE5C4500607DB1 /* ViewController.swift in Sources */ = {isa = PBXBuildFile; fileRef = A10C6C5420EE5C4500607DB1 /* ViewController.swift */; };
		A10C6C5820EE5C4500607DB1 /* Main.storyboard in Resources */ = {isa = PBXBuildFile; fileRef = A10C6C5620EE5C4500607DB1 /* Main.storyboard */; };
		A10C6C5A20EE5C4500607DB1 /* Assets.xcassets in Resources */ = {isa = PBXBuildFile; fileRef = A10C6C5920EE5C4500607DB1 /* Assets.xcassets */; };
		A10C6C5D20EE5C4500607DB1 /* LaunchScreen.storyboard in Resources */ = {isa = PBXBuildFile; fileRef = A10C6C5B20EE5C4500607DB1 /* LaunchScreen.storyboard */; };
/* End PBXBuildFile section */

/* Begin PBXFileReference section */
		A10C6C4F20EE5C4500607DB1 /* ARkit-HitGame.app */ = {isa = PBXFileReference; explicitFileType = wrapper.application; includeInIndex = 0; path = "ARkit-HitGame.app"; sourceTree = BUILT_PRODUCTS_DIR; };
		A10C6C5220EE5C4500607DB1 /* AppDelegate.swift */ = {isa = PBXFileReference; lastKnownFileType = sourcecode.swift; path = AppDelegate.swift; sourceTree = "<group>"; };
		A10C6C5420EE5C4500607DB1 /* ViewController.swift */ = {isa = PBXFileReference; lastKnownFileType = sourcecode.swift; path = ViewController.swift; sourceTree = "<group>"; };
		A10C6C5720EE5C4500607DB1 /* Base */ = {isa = PBXFileReference; lastKnownFileType = file.storyboard; name = Base; path = Base.lproj/Main.storyboard; sourceTree = "<group>"; };
		A10C6C5920EE5C4500607DB1 /* Assets.xcassets */ = {isa = PBXFileReference; lastKnownFileType = folder.assetcatalog; path = Assets.xcassets; sourceTree = "<group>"; };
		A10C6C5C20EE5C4500607DB1 /* Base */ = {isa = PBXFileReference; lastKnownFileType = file.storyboard; name = Base; path = Base.lproj/LaunchScreen.storyboard; sourceTree = "<group>"; };
		A10C6C5E20EE5C4500607DB1 /* Info.plist */ = {isa = PBXFileReference; lastKnownFileType = text.plist.xml; path = Info.plist; sourceTree = "<group>"; };
/* End PBXFileReference section */

/* Begin PBXFrameworksBuildPhase section */
		A10C6C4C20EE5C4500607DB1 /* Frameworks */ = {
			isa = PBXFrameworksBuildPhase;
			buildActionMask = 2147483647;
			files = (
			);
			runOnlyForDeploymentPostprocessing = 0;
		};
/* End PBXFrameworksBuildPhase section */

/* Begin PBXGroup section */
		A10C6C4620EE5C4500607DB1 = {
			isa = PBXGroup;
			children = (
				A10C6C5120EE5C4500607DB1 /* ARkit-HitGame */,
				A10C6C5020EE5C4500607DB1 /* Products */,
			);
			sourceTree = "<group>";
		};
		A10C6C5020EE5C4500607DB1 /* Products */ = {
			isa = PBXGroup;
			children = (
				A10C6C4F20EE5C4500607DB1 /* ARkit-HitGame.app */,
			);
			name = Products;
			sourceTree = "<group>";
		};
		A10C6C5120EE5C4500607DB1 /* ARkit-HitGame */ = {
			isa = PBXGroup;
			children = (
				A10C6C5220EE5C4500607DB1 /* AppDelegate.swift */,
				A10C6C5420EE5C4500607DB1 /* ViewController.swift */,
				A10C6C5620EE5C4500607DB1 /* Main.storyboard */,
				A10C6C5920EE5C4500607DB1 /* Assets.xcassets */,
				A10C6C5B20EE5C4500607DB1 /* LaunchScreen.storyboard */,
				A10C6C5E20EE5C4500607DB1 /* Info.plist */,
			);
			path = "ARkit-HitGame";
			sourceTree = "<group>";
		};
/* End PBXGroup section */

/* Begin PBXNativeTarget section */
		A10C6C4E20EE5C4500607DB1 /* ARkit-HitGame */ = {
			isa = PBXNativeTarget;
			buildConfigurationList = A10C6C6120EE5C4500607DB1 /* Build configuration list for PBXNativeTarget "ARkit-HitGame" */;
			buildPhases = (
				A10C6C4B20EE5C4500607DB1 /* Sources */,
				A10C6C4C20EE5C4500607DB1 /* Frameworks */,
				A10C6C4D20EE5C4500607DB1 /* Resources */,
			);
			buildRules = (
			);
			dependencies = (
			);
			name = "ARkit-HitGame";
			productName = "ARkit-HitGame";
			productReference = A10C6C4F20EE5C4500607DB1 /* ARkit-HitGame.app */;
			productType = "com.apple.product-type.application";
		};
/* End PBXNativeTarget section */

/* Begin PBXProject section */
		A10C6C4720EE5C4500607DB1 /* Project object */ = {
			isa = PBXProject;
			attributes = {
				LastSwiftUpdateCheck = 0910;
				LastUpgradeCheck = 0910;
				ORGANIZATIONNAME = Dhruvil;
				TargetAttributes = {
					A10C6C4E20EE5C4500607DB1 = {
						CreatedOnToolsVersion = 9.1;
						ProvisioningStyle = Automatic;
					};
				};
			};
			buildConfigurationList = A10C6C4A20EE5C4500607DB1 /* Build configuration list for PBXProject "ARkit-HitGame" */;
			compatibilityVersion = "Xcode 8.0";
			developmentRegion = en;
			hasScannedForEncodings = 0;
			knownRegions = (
				en,
				Base,
			);
			mainGroup = A10C6C4620EE5C4500607DB1;
			productRefGroup = A10C6C5020EE5C4500607DB1 /* Products */;
			projectDirPath = "";
			projectRoot = "";
			targets = (
				A10C6C4E20EE5C4500607DB1 /* ARkit-HitGame */,
			);
		};
/* End PBXProject section */

/* Begin PBXResourcesBuildPhase section */
		A10C6C4D20EE5C4500607DB1 /* Resources */ = {
			isa = PBXResourcesBuildPhase;
			buildActionMask = 2147483647;
			files = (
				A10C6C5D20EE5C4500607DB1 /* LaunchScreen.storyboard in Resources */,
				A10C6C5A20EE5C4500607DB1 /* Assets.xcassets in Resources */,
				A10C6C5820EE5C4500607DB1 /* Main.storyboard in Resources */,
			);
			runOnlyForDeploymentPostprocessing = 0;
		};
/* End PBXResourcesBuildPhase section */

/* Begin PBXSourcesBuildPhase section */
		A10C6C4B20EE5C4500607DB1 /* Sources */ = {
			isa = PBXSourcesBuildPhase;
			buildActionMask = 2147483647;
			files = (
				A10C6C5520EE5C4500607DB1 /* ViewController.swift in Sources */,
				A10C6C5320EE5C4500607DB1 /* AppDelegate.swift in Sources */,
			);
			runOnlyForDeploymentPostprocessing = 0;
		};
/* End PBXSourcesBuildPhase section */

/* Begin PBXVariantGroup section */
		A10C6C5620EE5C4500607DB1 /* Main.storyboard */ = {
			isa = PBXVariantGroup;
			children = (
				A10C6C5720EE5C4500607DB1 /* Base */,
			);
			name = Main.storyboard;
			sourceTree = "<group>";
		};
		A10C6C5B20EE5C4500607DB1 /* LaunchScreen.storyboard */ = {
			isa = PBXVariantGroup;
			children = (
				A10C6C5C20EE5C4500607DB1 /* Base */,
			);
			name = LaunchScreen.storyboard;
			sourceTree = "<group>";
		};
/* End PBXVariantGroup section */

/* Begin XCBuildConfiguration section */
		A10C6C5F20EE5C4500607DB1 /* Debug */ = {
			isa = XCBuildConfiguration;
			buildSettings = {
				ALWAYS_SEARCH_USER_PATHS = NO;
				CLANG_ANALYZER_NONNULL = YES;
				CLANG_ANALYZER_NUMBER_OBJECT_CONVERSION = YES_AGGRESSIVE;
				CLANG_CXX_LANGUAGE_STANDARD = "gnu++14";
				CLANG_CXX_LIBRARY = "libc++";
				CLANG_ENABLE_MODULES = YES;
				CLANG_ENABLE_OBJC_ARC = YES;
				CLANG_WARN_BLOCK_CAPTURE_AUTORELEASING = YES;
				CLANG_WARN_BOOL_CONVERSION = YES;
				CLANG_WARN_COMMA = YES;
				CLANG_WARN_CONSTANT_CONVERSION = YES;
				CLANG_WARN_DIRECT_OBJC_ISA_USAGE = YES_ERROR;
				CLANG_WARN_DOCUMENTATION_COMMENTS = YES;
				CLANG_WARN_EMPTY_BODY = YES;
				CLANG_WARN_ENUM_CONVERSION = YES;
				CLANG_WARN_INFINITE_RECURSION = YES;
				CLANG_WARN_INT_CONVERSION = YES;
				CLANG_WARN_NON_LITERAL_NULL_CONVERSION = YES;
				CLANG_WARN_OBJC_LITERAL_CONVERSION = YES;
				CLANG_WARN_OBJC_ROOT_CLASS = YES_ERROR;
				CLANG_WARN_RANGE_LOOP_ANALYSIS = YES;
				CLANG_WARN_STRICT_PROTOTYPES = YES;
				CLANG_WARN_SUSPICIOUS_MOVE = YES;
				CLANG_WARN_UNGUARDED_AVAILABILITY = YES_AGGRESSIVE;
				CLANG_WARN_UNREACHABLE_CODE = YES;
				CLANG_WARN__DUPLICATE_METHOD_MATCH = YES;
				CODE_SIGN_IDENTITY = "iPhone Developer";
				COPY_PHASE_STRIP = NO;
				DEBUG_INFORMATION_FORMAT = dwarf;
				ENABLE_STRICT_OBJC_MSGSEND = YES;
				ENABLE_TESTABILITY = YES;
				GCC_C_LANGUAGE_STANDARD = gnu11;
				GCC_DYNAMIC_NO_PIC = NO;
				GCC_NO_COMMON_BLOCKS = YES;
				GCC_OPTIMIZATION_LEVEL = 0;
				GCC_PREPROCESSOR_DEFINITIONS = (
					"DEBUG=1",
					"$(inherited)",
				);
				GCC_WARN_64_TO_32_BIT_CONVERSION = YES;
				GCC_WARN_ABOUT_RETURN_TYPE = YES_ERROR;
				GCC_WARN_UNDECLARED_SELECTOR = YES;
				GCC_WARN_UNINITIALIZED_AUTOS = YES_AGGRESSIVE;
				GCC_WARN_UNUSED_FUNCTION = YES;
				GCC_WARN_UNUSED_VARIABLE = YES;
				IPHONEOS_DEPLOYMENT_TARGET = 11.1;
				MTL_ENABLE_DEBUG_INFO = YES;
				ONLY_ACTIVE_ARCH = YES;
				SDKROOT = iphoneos;
				SWIFT_ACTIVE_COMPILATION_CONDITIONS = DEBUG;
				SWIFT_OPTIMIZATION_LEVEL = "-Onone";
			};
			name = Debug;
		};
		A10C6C6020EE5C4500607DB1 /* Release */ = {
			isa = XCBuildConfiguration;
			buildSettings = {
				ALWAYS_SEARCH_USER_PATHS = NO;
				CLANG_ANALYZER_NONNULL = YES;
				CLANG_ANALYZER_NUMBER_OBJECT_CONVERSION = YES_AGGRESSIVE;
				CLANG_CXX_LANGUAGE_STANDARD = "gnu++14";
				CLANG_CXX_LIBRARY = "libc++";
				CLANG_ENABLE_MODULES = YES;
				CLANG_ENABLE_OBJC_ARC = YES;
				CLANG_WARN_BLOCK_CAPTURE_AUTORELEASING = YES;
				CLANG_WARN_BOOL_CONVERSION = YES;
				CLANG_WARN_COMMA = YES;
				CLANG_WARN_CONSTANT_CONVERSION = YES;
				CLANG_WARN_DIRECT_OBJC_ISA_USAGE = YES_ERROR;
				CLANG_WARN_DOCUMENTATION_COMMENTS = YES;
				CLANG_WARN_EMPTY_BODY = YES;
				CLANG_WARN_ENUM_CONVERSION = YES;
				CLANG_WARN_INFINITE_RECURSION = YES;
				CLANG_WARN_INT_CONVERSION = YES;
				CLANG_WARN_NON_LITERAL_NULL_CONVERSION = YES;
				CLANG_WARN_OBJC_LITERAL_CONVERSION = YES;
				CLANG_WARN_OBJC_ROOT_CLASS = YES_ERROR;
				CLANG_WARN_RANGE_LOOP_ANALYSIS = YES;
				CLANG_WARN_STRICT_PROTOTYPES = YES;
				CLANG_WARN_SUSPICIOUS_MOVE = YES;
				CLANG_WARN_UNGUARDED_AVAILABILITY = YES_AGGRESSIVE;
				CLANG_WARN_UNREACHABLE_CODE = YES;
				CLANG_WARN__DUPLICATE_METHOD_MATCH = YES;
				CODE_SIGN_IDENTITY = "iPhone Developer";
				COPY_PHASE_STRIP = NO;
				DEBUG_INFORMATION_FORMAT = "dwarf-with-dsym";
				ENABLE_NS_ASSERTIONS = NO;
				ENABLE_STRICT_OBJC_MSGSEND = YES;
				GCC_C_LANGUAGE_STANDARD = gnu11;
				GCC_NO_COMMON_BLOCKS = YES;
				GCC_WARN_64_TO_32_BIT_CONVERSION = YES;
				GCC_WARN_ABOUT_RETURN_TYPE = YES_ERROR;
				GCC_WARN_UNDECLARED_SELECTOR = YES;
				GCC_WARN_UNINITIALIZED_AUTOS = YES_AGGRESSIVE;
				GCC_WARN_UNUSED_FUNCTION = YES;
				GCC_WARN_UNUSED_VARIABLE = YES;
				IPHONEOS_DEPLOYMENT_TARGET = 11.1;
				MTL_ENABLE_DEBUG_INFO = NO;
				SDKROOT = iphoneos;
				SWIFT_OPTIMIZATION_LEVEL = "-Owholemodule";
				VALIDATE_PRODUCT = YES;
			};
			name = Release;
		};
		A10C6C6220EE5C4500607DB1 /* Debug */ = {
			isa = XCBuildConfiguration;
			buildSettings = {
				ASSETCATALOG_COMPILER_APPICON_NAME = AppIcon;
				CODE_SIGN_STYLE = Automatic;
				DEVELOPMENT_TEAM = 767LHU7K45;
				INFOPLIST_FILE = "ARkit-HitGame/Info.plist";
				LD_RUNPATH_SEARCH_PATHS = "$(inherited) @executable_path/Frameworks";
				PRODUCT_BUNDLE_IDENTIFIER = "com.Dhruvilp7068.ARkit-HitGame";
				PRODUCT_NAME = "$(TARGET_NAME)";
				SWIFT_VERSION = 4.0;
				TARGETED_DEVICE_FAMILY = "1,2";
			};
			name = Debug;
		};
		A10C6C6320EE5C4500607DB1 /* Release */ = {
			isa = XCBuildConfiguration;
			buildSettings = {
				ASSETCATALOG_COMPILER_APPICON_NAME = AppIcon;
				CODE_SIGN_STYLE = Automatic;
				DEVELOPMENT_TEAM = 767LHU7K45;
				INFOPLIST_FILE = "ARkit-HitGame/Info.plist";
				LD_RUNPATH_SEARCH_PATHS = "$(inherited) @executable_path/Frameworks";
				PRODUCT_BUNDLE_IDENTIFIER = "com.Dhruvilp7068.ARkit-HitGame";
				PRODUCT_NAME = "$(TARGET_NAME)";
				SWIFT_VERSION = 4.0;
				TARGETED_DEVICE_FAMILY = "1,2";
			};
			name = Release;
		};
/* End XCBuildConfiguration section */

/* Begin XCConfigurationList section */
		A10C6C4A20EE5C4500607DB1 /* Build configuration list for PBXProject "ARkit-HitGame" */ = {
			isa = XCConfigurationList;
			buildConfigurations = (
				A10C6C5F20EE5C4500607DB1 /* Debug */,
				A10C6C6020EE5C4500607DB1 /* Release */,
			);
			defaultConfigurationIsVisible = 0;
			defaultConfigurationName = Release;
		};
		A10C6C6120EE5C4500607DB1 /* Build configuration list for PBXNativeTarget "ARkit-HitGame" */ = {
			isa = XCConfigurationList;
			buildConfigurations = (
				A10C6C6220EE5C4500607DB1 /* Debug */,
				A10C6C6320EE5C4500607DB1 /* Release */,
			);
			defaultConfigurationIsVisible = 0;
			defaultConfigurationName = Release;
		};
/* End XCConfigurationList section */
	};
	rootObject = A10C6C4720EE5C4500607DB1 /* Project object */;
}
